
Microsoft Visual Studio Solution File, Format Version 12.00
# Visual Studio Version 17
VisualStudioVersion = 17.14.36511.14 d17.14
MinimumVisualStudioVersion = 10.0.40219.1
Project("{FAE04EC0-301F-11D3-BF4B-00C04F79EFBC}") = "Ej1", "Ej1\Ej1.csproj", "{86E61B93-B1E7-4289-844F-7D4B5CC28EAD}"
EndProject
Project("{FAE04EC0-301F-11D3-BF4B-00C04F79EFBC}") = "Ej2", "Ej2\Ej2.csproj", "{3B28B8B7-2672-484D-8CFB-D8A118EA5BB7}"
EndProject
Global
	GlobalSection(SolutionConfigurationPlatforms) = preSolution
		Debug|Any CPU = Debug|Any CPU
		Release|Any CPU = Release|Any CPU
	EndGlobalSection
	GlobalSection(ProjectConfigurationPlatforms) = postSolution
		{86E61B93-B1E7-4289-844F-7D4B5CC28EAD}.Debug|Any CPU.ActiveCfg = Debug|Any CPU
		{86E61B93-B1E7-4289-844F-7D4B5CC28EAD}.Debug|Any CPU.Build.0 = Debug|Any CPU
		{86E61B93-B1E7-4289-844F-7D4B5CC28EAD}.Release|Any CPU.ActiveCfg = Release|Any CPU
		{86E61B93-B1E7-4289-844F-7D4B5CC28EAD}.Release|Any CPU.Build.0 = Release|Any CPU
		{3B28B8B7-2672-484D-8CFB-D8A118EA5BB7}.Debug|Any CPU.ActiveCfg = Debug|Any CPU
		{3B28B8B7-2672-484D-8CFB-D8A118EA5BB7}.Debug|Any CPU.Build.0 = Debug|Any CPU
		{3B28B8B7-2672-484D-8CFB-D8A118EA5BB7}.Release|Any CPU.ActiveCfg = Release|Any CPU
		{3B28B8B7-2672-484D-8CFB-D8A118EA5BB7}.Release|Any CPU.Build.0 = Release|Any CPU
	EndGlobalSection
	GlobalSection(SolutionProperties) = preSolution
		HideSolutionNode = FALSE
	EndGlobalSection
	GlobalSection(ExtensibilityGlobals) = postSolution
		SolutionGuid = {E642A9D9-1E20-451B-B34D-0D71D24DD344}
	EndGlobalSection
EndGlobal
